
Microsoft Visual Studio Solution File, Format Version 12.00
# Visual Studio Version 17
VisualStudioVersion = 17.14.36915.13
MinimumVisualStudioVersion = 10.0.40219.1
Project("{FAE04EC0-301F-11D3-BF4B-00C04F79EFBC}") = "RetireaBot", "RetireaBot.csproj", "{CEE02FD4-6E21-4390-9064-1643E42BB2CA}"
EndProject
Project("{FAE04EC0-301F-11D3-BF4B-00C04F79EFBC}") = "RetireaBot.Tests", "Tests\RetireaBot.Tests.csproj", "{90E9DD49-43E8-4F01-B203-F46EC128994F}"
EndProject
Global
	GlobalSection(SolutionConfigurationPlatforms) = preSolution
		Debug|Any CPU = Debug|Any CPU
		Debug|x64 = Debug|x64
		Debug|x86 = Debug|x86
		Release|Any CPU = Release|Any CPU
		Release|x64 = Release|x64
		Release|x86 = Release|x86
	EndGlobalSection
	GlobalSection(ProjectConfigurationPlatforms) = postSolution
		{CEE02FD4-6E21-4390-9064-1643E42BB2CA}.Debug|Any CPU.ActiveCfg = Debug|Any CPU
		{CEE02FD4-6E21-4390-9064-1643E42BB2CA}.Debug|Any CPU.Build.0 = Debug|Any CPU
		{CEE02FD4-6E21-4390-9064-1643E42BB2CA}.Debug|x64.ActiveCfg = Debug|Any CPU
		{CEE02FD4-6E21-4390-9064-1643E42BB2CA}.Debug|x64.Build.0 = Debug|Any CPU
		{CEE02FD4-6E21-4390-9064-1643E42BB2CA}.Debug|x86.ActiveCfg = Debug|Any CPU
		{CEE02FD4-6E21-4390-9064-1643E42BB2CA}.Debug|x86.Build.0 = Debug|Any CPU
		{CEE02FD4-6E21-4390-9064-1643E42BB2CA}.Release|Any CPU.ActiveCfg = Release|Any CPU
		{CEE02FD4-6E21-4390-9064-1643E42BB2CA}.Release|Any CPU.Build.0 = Release|Any CPU
		{CEE02FD4-6E21-4390-9064-1643E42BB2CA}.Release|x64.ActiveCfg = Release|Any CPU
		{CEE02FD4-6E21-4390-9064-1643E42BB2CA}.Release|x64.Build.0 = Release|Any CPU
		{CEE02FD4-6E21-4390-9064-1643E42BB2CA}.Release|x86.ActiveCfg = Release|Any CPU
		{CEE02FD4-6E21-4390-9064-1643E42BB2CA}.Release|x86.Build.0 = Release|Any CPU
		{90E9DD49-43E8-4F01-B203-F46EC128994F}.Debug|Any CPU.ActiveCfg = Debug|Any CPU
		{90E9DD49-43E8-4F01-B203-F46EC128994F}.Debug|Any CPU.Build.0 = Debug|Any CPU
		{90E9DD49-43E8-4F01-B203-F46EC128994F}.Debug|x64.ActiveCfg = Debug|Any CPU
		{90E9DD49-43E8-4F01-B203-F46EC128994F}.Debug|x64.Build.0 = Debug|Any CPU
		{90E9DD49-43E8-4F01-B203-F46EC128994F}.Debug|x86.ActiveCfg = Debug|Any CPU
		{90E9DD49-43E8-4F01-B203-F46EC128994F}.Debug|x86.Build.0 = Debug|Any CPU
		{90E9DD49-43E8-4F01-B203-F46EC128994F}.Release|Any CPU.ActiveCfg = Release|Any CPU
		{90E9DD49-43E8-4F01-B203-F46EC128994F}.Release|Any CPU.Build.0 = Release|Any CPU
		{90E9DD49-43E8-4F01-B203-F46EC128994F}.Release|x64.ActiveCfg = Release|Any CPU
		{90E9DD49-43E8-4F01-B203-F46EC128994F}.Release|x64.Build.0 = Release|Any CPU
		{90E9DD49-43E8-4F01-B203-F46EC128994F}.Release|x86.ActiveCfg = Release|Any CPU
		{90E9DD49-43E8-4F01-B203-F46EC128994F}.Release|x86.Build.0 = Release|Any CPU
	EndGlobalSection
	GlobalSection(SolutionProperties) = preSolution
		HideSolutionNode = FALSE
	EndGlobalSection
	GlobalSection(ExtensibilityGlobals) = postSolution
		SolutionGuid = {6E17FEC4-98D1-4906-B088-D0A6EA575968}
	EndGlobalSection
EndGlobal
